
Microsoft Visual Studio Solution File, Format Version 12.00
# Visual Studio Version 17
VisualStudioVersion = 17.0.32112.339
MinimumVisualStudioVersion = 10.0.40219.1
Project("{8BC9CEB8-8B4A-11D0-8D11-00A0C91BC942}") = "Task1_9", "Task1_9.vcxproj", "{A7BA7B67-D06A-4533-A61E-F04F4D811E06}"
EndProject
Global
	GlobalSection(SolutionConfigurationPlatforms) = preSolution
		Debug|x64 = Debug|x64
		Debug|x86 = Debug|x86
		Release|x64 = Release|x64
		Release|x86 = Release|x86
	EndGlobalSection
	GlobalSection(ProjectConfigurationPlatforms) = postSolution
		{A7BA7B67-D06A-4533-A61E-F04F4D811E06}.Debug|x64.ActiveCfg = Debug|x64
		{A7BA7B67-D06A-4533-A61E-F04F4D811E06}.Debug|x64.Build.0 = Debug|x64
		{A7BA7B67-D06A-4533-A61E-F04F4D811E06}.Debug|x86.ActiveCfg = Debug|Win32
		{A7BA7B67-D06A-4533-A61E-F04F4D811E06}.Debug|x86.Build.0 = Debug|Win32
		{A7BA7B67-D06A-4533-A61E-F04F4D811E06}.Release|x64.ActiveCfg = Release|x64
		{A7BA7B67-D06A-4533-A61E-F04F4D811E06}.Release|x64.Build.0 = Release|x64
		{A7BA7B67-D06A-4533-A61E-F04F4D811E06}.Release|x86.ActiveCfg = Release|Win32
		{A7BA7B67-D06A-4533-A61E-F04F4D811E06}.Release|x86.Build.0 = Release|Win32
	EndGlobalSection
	GlobalSection(SolutionProperties) = preSolution
		HideSolutionNode = FALSE
	EndGlobalSection
	GlobalSection(ExtensibilityGlobals) = postSolution
		SolutionGuid = {8642B7C7-F988-4A83-9207-74B9826DE358}
	EndGlobalSection
EndGlobal
